
Microsoft Visual Studio Solution File, Format Version 12.00
# Visual Studio Version 17
VisualStudioVersion = 17.1.32210.238
MinimumVisualStudioVersion = 10.0.40219.1
Project("{FAE04EC0-301F-11D3-BF4B-00C04F79EFBC}") = "Address_Book_Colection", "Address_Book_Colection\Address_Book_Colection.csproj", "{F7DB4CE4-CDA2-4513-9A4A-B3B215F9C14F}"
EndProject
Global
	GlobalSection(SolutionConfigurationPlatforms) = preSolution
		Debug|Any CPU = Debug|Any CPU
		Release|Any CPU = Release|Any CPU
	EndGlobalSection
	GlobalSection(ProjectConfigurationPlatforms) = postSolution
		{F7DB4CE4-CDA2-4513-9A4A-B3B215F9C14F}.Debug|Any CPU.ActiveCfg = Debug|Any CPU
		{F7DB4CE4-CDA2-4513-9A4A-B3B215F9C14F}.Debug|Any CPU.Build.0 = Debug|Any CPU
		{F7DB4CE4-CDA2-4513-9A4A-B3B215F9C14F}.Release|Any CPU.ActiveCfg = Release|Any CPU
		{F7DB4CE4-CDA2-4513-9A4A-B3B215F9C14F}.Release|Any CPU.Build.0 = Release|Any CPU
	EndGlobalSection
	GlobalSection(SolutionProperties) = preSolution
		HideSolutionNode = FALSE
	EndGlobalSection
	GlobalSection(ExtensibilityGlobals) = postSolution
		SolutionGuid = {4D41E4F8-33F5-4A35-94C6-3411BE29A579}
	EndGlobalSection
EndGlobal
